
Microsoft Visual Studio Solution File, Format Version 12.00
# Visual Studio Version 17
VisualStudioVersion = 17.10.34916.146
MinimumVisualStudioVersion = 10.0.40219.1
Project("{FAE04EC0-301F-11D3-BF4B-00C04F79EFBC}") = "Session1", "Session1\Session1.csproj", "{A10031F5-870A-4A87-8DAF-48AC07998833}"
EndProject
Global
	GlobalSection(SolutionConfigurationPlatforms) = preSolution
		Debug|Any CPU = Debug|Any CPU
		Release|Any CPU = Release|Any CPU
	EndGlobalSection
	GlobalSection(ProjectConfigurationPlatforms) = postSolution
		{A10031F5-870A-4A87-8DAF-48AC07998833}.Debug|Any CPU.ActiveCfg = Debug|Any CPU
		{A10031F5-870A-4A87-8DAF-48AC07998833}.Debug|Any CPU.Build.0 = Debug|Any CPU
		{A10031F5-870A-4A87-8DAF-48AC07998833}.Release|Any CPU.ActiveCfg = Release|Any CPU
		{A10031F5-870A-4A87-8DAF-48AC07998833}.Release|Any CPU.Build.0 = Release|Any CPU
	EndGlobalSection
	GlobalSection(SolutionProperties) = preSolution
		HideSolutionNode = FALSE
	EndGlobalSection
	GlobalSection(ExtensibilityGlobals) = postSolution
		SolutionGuid = {C33BD370-F24C-45D5-9AAB-38E88C676F4E}
	EndGlobalSection
EndGlobal
