
Microsoft Visual Studio Solution File, Format Version 12.00
# Visual Studio Version 17
VisualStudioVersion = 17.10.34916.146
MinimumVisualStudioVersion = 10.0.40219.1
Project("{FAE04EC0-301F-11D3-BF4B-00C04F79EFBC}") = "MobileAPP.Android", "MobileAPP\MobileAPP.Android\MobileAPP.Android.csproj", "{8A5431A1-3D34-443F-A1D9-E4C3D5374977}"
EndProject
Project("{FAE04EC0-301F-11D3-BF4B-00C04F79EFBC}") = "MobileAPP", "MobileAPP\MobileAPP\MobileAPP.csproj", "{19702061-9699-491D-868A-79A558BED275}"
EndProject
Global
	GlobalSection(SolutionConfigurationPlatforms) = preSolution
		Debug|Any CPU = Debug|Any CPU
		Release|Any CPU = Release|Any CPU
	EndGlobalSection
	GlobalSection(ProjectConfigurationPlatforms) = postSolution
		{8A5431A1-3D34-443F-A1D9-E4C3D5374977}.Debug|Any CPU.ActiveCfg = Debug|Any CPU
		{8A5431A1-3D34-443F-A1D9-E4C3D5374977}.Debug|Any CPU.Build.0 = Debug|Any CPU
		{8A5431A1-3D34-443F-A1D9-E4C3D5374977}.Debug|Any CPU.Deploy.0 = Debug|Any CPU
		{8A5431A1-3D34-443F-A1D9-E4C3D5374977}.Release|Any CPU.ActiveCfg = Release|Any CPU
		{8A5431A1-3D34-443F-A1D9-E4C3D5374977}.Release|Any CPU.Build.0 = Release|Any CPU
		{8A5431A1-3D34-443F-A1D9-E4C3D5374977}.Release|Any CPU.Deploy.0 = Release|Any CPU
		{19702061-9699-491D-868A-79A558BED275}.Debug|Any CPU.ActiveCfg = Debug|Any CPU
		{19702061-9699-491D-868A-79A558BED275}.Debug|Any CPU.Build.0 = Debug|Any CPU
		{19702061-9699-491D-868A-79A558BED275}.Debug|Any CPU.Deploy.0 = Debug|Any CPU
		{19702061-9699-491D-868A-79A558BED275}.Release|Any CPU.ActiveCfg = Release|Any CPU
		{19702061-9699-491D-868A-79A558BED275}.Release|Any CPU.Build.0 = Release|Any CPU
		{19702061-9699-491D-868A-79A558BED275}.Release|Any CPU.Deploy.0 = Release|Any CPU
	EndGlobalSection
	GlobalSection(SolutionProperties) = preSolution
		HideSolutionNode = FALSE
	EndGlobalSection
	GlobalSection(ExtensibilityGlobals) = postSolution
		SolutionGuid = {BA2386C2-8F07-47C7-9336-5C368F64059D}
	EndGlobalSection
EndGlobal
