
Microsoft Visual Studio Solution File, Format Version 12.00
# Visual Studio Version 17
VisualStudioVersion = 17.10.34916.146
MinimumVisualStudioVersion = 10.0.40219.1
Project("{FAE04EC0-301F-11D3-BF4B-00C04F79EFBC}") = "WebApplication1", "WebApplication1\WebApplication1.csproj", "{E97311E7-7972-42AC-B96D-F90CC73698CC}"
EndProject
Global
	GlobalSection(SolutionConfigurationPlatforms) = preSolution
		Debug|Any CPU = Debug|Any CPU
		Release|Any CPU = Release|Any CPU
	EndGlobalSection
	GlobalSection(ProjectConfigurationPlatforms) = postSolution
		{E97311E7-7972-42AC-B96D-F90CC73698CC}.Debug|Any CPU.ActiveCfg = Debug|Any CPU
		{E97311E7-7972-42AC-B96D-F90CC73698CC}.Debug|Any CPU.Build.0 = Debug|Any CPU
		{E97311E7-7972-42AC-B96D-F90CC73698CC}.Release|Any CPU.ActiveCfg = Release|Any CPU
		{E97311E7-7972-42AC-B96D-F90CC73698CC}.Release|Any CPU.Build.0 = Release|Any CPU
	EndGlobalSection
	GlobalSection(SolutionProperties) = preSolution
		HideSolutionNode = FALSE
	EndGlobalSection
	GlobalSection(ExtensibilityGlobals) = postSolution
		SolutionGuid = {69AEDD42-DE1D-414C-AA6C-098C3137B5B7}
	EndGlobalSection
EndGlobal
