
Microsoft Visual Studio Solution File, Format Version 12.00
# Visual Studio Version 17
VisualStudioVersion = 17.10.34916.146
MinimumVisualStudioVersion = 10.0.40219.1
Project("{FAE04EC0-301F-11D3-BF4B-00C04F79EFBC}") = "App1.Android", "App1\App1.Android\App1.Android.csproj", "{2E1C5883-D4B8-47DB-807F-0FEE523F5DEE}"
EndProject
Project("{FAE04EC0-301F-11D3-BF4B-00C04F79EFBC}") = "App1", "App1\App1\App1.csproj", "{B6CF5EF4-3A65-4989-BAED-95A79EA469F9}"
EndProject
Global
	GlobalSection(SolutionConfigurationPlatforms) = preSolution
		Debug|Any CPU = Debug|Any CPU
		Release|Any CPU = Release|Any CPU
	EndGlobalSection
	GlobalSection(ProjectConfigurationPlatforms) = postSolution
		{2E1C5883-D4B8-47DB-807F-0FEE523F5DEE}.Debug|Any CPU.ActiveCfg = Debug|Any CPU
		{2E1C5883-D4B8-47DB-807F-0FEE523F5DEE}.Debug|Any CPU.Build.0 = Debug|Any CPU
		{2E1C5883-D4B8-47DB-807F-0FEE523F5DEE}.Debug|Any CPU.Deploy.0 = Debug|Any CPU
		{2E1C5883-D4B8-47DB-807F-0FEE523F5DEE}.Release|Any CPU.ActiveCfg = Release|Any CPU
		{2E1C5883-D4B8-47DB-807F-0FEE523F5DEE}.Release|Any CPU.Build.0 = Release|Any CPU
		{2E1C5883-D4B8-47DB-807F-0FEE523F5DEE}.Release|Any CPU.Deploy.0 = Release|Any CPU
		{B6CF5EF4-3A65-4989-BAED-95A79EA469F9}.Debug|Any CPU.ActiveCfg = Debug|Any CPU
		{B6CF5EF4-3A65-4989-BAED-95A79EA469F9}.Debug|Any CPU.Build.0 = Debug|Any CPU
		{B6CF5EF4-3A65-4989-BAED-95A79EA469F9}.Debug|Any CPU.Deploy.0 = Debug|Any CPU
		{B6CF5EF4-3A65-4989-BAED-95A79EA469F9}.Release|Any CPU.ActiveCfg = Release|Any CPU
		{B6CF5EF4-3A65-4989-BAED-95A79EA469F9}.Release|Any CPU.Build.0 = Release|Any CPU
		{B6CF5EF4-3A65-4989-BAED-95A79EA469F9}.Release|Any CPU.Deploy.0 = Release|Any CPU
	EndGlobalSection
	GlobalSection(SolutionProperties) = preSolution
		HideSolutionNode = FALSE
	EndGlobalSection
	GlobalSection(ExtensibilityGlobals) = postSolution
		SolutionGuid = {55C3F86C-BE6D-4666-9223-0CCEBC8BF445}
	EndGlobalSection
EndGlobal
